{
  "name": "generador-unidades",
  "version": "1.0.0",
  "lockfileVersion": 3,
  "requires": true,
  "packages": {
    "": {
      "name": "generador-unidades",
      "version": "1.0.0",
      "license": "ISC",
      "dependencies": {
        "@google/generative-ai": "^0.11.4",
        "dotenv": "^16.4.5"
      }
    },
    "node_modules/@google/generative-ai": {
      "version": "0.11.5",
      "resolved": "https://registry.npmjs.org/@google/generative-ai/-/generative-ai-0.11.5.tgz",
      "integrity": "sha512-DviMgrnljEKh6qkDT2pVFW+NEuVhggqBUoEnyy2PNL7l4ewxXRJubk3PctC9yPl1AdRIlhqP7E076QQt+IWuTg==",
      "license": "Apache-2.0",
      "engines": {
        "node": ">=18.0.0"
      }
    },
    "node_modules/dotenv": {
      "version": "16.6.1",
      "resolved": "https://registry.npmjs.org/dotenv/-/dotenv-16.6.1.tgz",
      "integrity": "sha512-uBq4egWHTcTt33a72vpSG0z3HnPuIl6NqYcTrKEg2azoEyl2hpW0zqlxysq2pK9HlDIHyHyakeYaYnSAwd8bow==",
      "license": "BSD-2-Clause",
      "engines": {
        "node": ">=12"
      },
      "funding": {
        "url": "https://dotenvx.com"
      }
    }
  }
}
